
Microsoft Visual Studio Solution File, Format Version 12.00
# Visual Studio Version 17
VisualStudioVersion = 17.0.31903.59
MinimumVisualStudioVersion = 10.0.40219.1
Project("{2150E333-8FDC-42A3-9474-1A3956D46DE8}") = "src", "src", "{827E0CD3-B72D-47B6-A68D-7590B98EB39B}"
EndProject
Project("{FAE04EC0-301F-11D3-BF4B-00C04F79EFBC}") = "Hify.Host", "src\Hify.Host\Hify.Host.csproj", "{A95391AC-836F-416D-91EB-6DC5F97138C7}"
EndProject
Project("{FAE04EC0-301F-11D3-BF4B-00C04F79EFBC}") = "Hify.Shared", "src\Hify.Shared\Hify.Shared.csproj", "{C8D9E4E5-141D-4D71-8756-1A2354DEC77A}"
EndProject
Project("{FAE04EC0-301F-11D3-BF4B-00C04F79EFBC}") = "Hify.Contracts", "src\Hify.Contracts\Hify.Contracts.csproj", "{4238CB49-5E05-406A-B226-3FF8A7AF40FE}"
EndProject
Project("{FAE04EC0-301F-11D3-BF4B-00C04F79EFBC}") = "Hify.Modules.ModelProvider", "src\Modules\Hify.Modules.ModelProvider\Hify.Modules.ModelProvider.csproj", "{2E4CA692-773A-4867-A17F-763E806C9223}"
EndProject
Project("{FAE04EC0-301F-11D3-BF4B-00C04F79EFBC}") = "Hify.Modules.Agent", "src\Modules\Hify.Modules.Agent\Hify.Modules.Agent.csproj", "{C7DE09E5-344A-4CA7-9399-6883FF2DD594}"
EndProject
Project("{FAE04EC0-301F-11D3-BF4B-00C04F79EFBC}") = "Hify.Modules.Conversation", "src\Modules\Hify.Modules.Conversation\Hify.Modules.Conversation.csproj", "{9B98DA99-DA7F-4944-9F96-AE46F3E87D8B}"
EndProject
Project("{FAE04EC0-301F-11D3-BF4B-00C04F79EFBC}") = "Hify.Modules.Knowledge", "src\Modules\Hify.Modules.Knowledge\Hify.Modules.Knowledge.csproj", "{37A4EB27-9268-42A7-AC33-307E411020A1}"
EndProject
Project("{FAE04EC0-301F-11D3-BF4B-00C04F79EFBC}") = "Hify.Modules.Workflow", "src\Modules\Hify.Modules.Workflow\Hify.Modules.Workflow.csproj", "{49A5C47A-6229-4479-A793-C0D6297D9872}"
EndProject
Project("{FAE04EC0-301F-11D3-BF4B-00C04F79EFBC}") = "Hify.Modules.Mcp", "src\Modules\Hify.Modules.Mcp\Hify.Modules.Mcp.csproj", "{038096CD-E001-4423-95B2-7BB09CA214D3}"
EndProject
Project("{2150E333-8FDC-42A3-9474-1A3956D46DE8}") = "Modules", "Modules", "{EC447DCF-ABFA-6E24-52A5-D7FD48A5C558}"
EndProject
Project("{2150E333-8FDC-42A3-9474-1A3956D46DE8}") = "tests", "tests", "{0AB3BF05-4346-4AA6-1389-037BE0695223}"
EndProject
Project("{FAE04EC0-301F-11D3-BF4B-00C04F79EFBC}") = "Hify.Modules.ModelProvider.Tests", "tests\Hify.Modules.ModelProvider.Tests\Hify.Modules.ModelProvider.Tests.csproj", "{BA9E1F7E-0DAF-476E-BA6D-2D0A16FA77C1}"
EndProject
Project("{FAE04EC0-301F-11D3-BF4B-00C04F79EFBC}") = "Hify.Modules.Agent.Tests", "tests\Hify.Modules.Agent.Tests\Hify.Modules.Agent.Tests.csproj", "{8D7E101E-931E-436E-B1A4-DF0D6C27654C}"
EndProject
Project("{FAE04EC0-301F-11D3-BF4B-00C04F79EFBC}") = "Hify.Modules.Conversation.Tests", "tests\Hify.Modules.Conversation.Tests\Hify.Modules.Conversation.Tests.csproj", "{93BF6BA8-26DA-44E9-B01A-339801EA6EEF}"
EndProject
Project("{FAE04EC0-301F-11D3-BF4B-00C04F79EFBC}") = "Hify.Modules.Knowledge.Tests", "tests\Hify.Modules.Knowledge.Tests\Hify.Modules.Knowledge.Tests.csproj", "{6DBB5B89-1AFC-404A-A24B-D7DFECE8DBBE}"
EndProject
Project("{FAE04EC0-301F-11D3-BF4B-00C04F79EFBC}") = "Hify.Modules.Workflow.Tests", "tests\Hify.Modules.Workflow.Tests\Hify.Modules.Workflow.Tests.csproj", "{6E3B82C5-BA07-498C-833D-526D9747D3C8}"
EndProject
Project("{FAE04EC0-301F-11D3-BF4B-00C04F79EFBC}") = "Hify.Modules.Mcp.Tests", "tests\Hify.Modules.Mcp.Tests\Hify.Modules.Mcp.Tests.csproj", "{6AD62FB8-CCB4-4D90-B336-EAAB4D32137D}"
EndProject
Project("{FAE04EC0-301F-11D3-BF4B-00C04F79EFBC}") = "Hify.IntegrationTests", "tests\Hify.IntegrationTests\Hify.IntegrationTests.csproj", "{A706306E-68C6-4097-AF3B-688E2C5907C2}"
EndProject
Project("{FAE04EC0-301F-11D3-BF4B-00C04F79EFBC}") = "Hify.Shared.Tests", "tests\Hify.Shared.Tests\Hify.Shared.Tests.csproj", "{7693F6B1-7B7C-4B2F-B997-BEBDCBBD2828}"
EndProject
Global
	GlobalSection(SolutionConfigurationPlatforms) = preSolution
		Debug|Any CPU = Debug|Any CPU
		Debug|x64 = Debug|x64
		Debug|x86 = Debug|x86
		Release|Any CPU = Release|Any CPU
		Release|x64 = Release|x64
		Release|x86 = Release|x86
	EndGlobalSection
	GlobalSection(ProjectConfigurationPlatforms) = postSolution
		{A95391AC-836F-416D-91EB-6DC5F97138C7}.Debug|Any CPU.ActiveCfg = Debug|Any CPU
		{A95391AC-836F-416D-91EB-6DC5F97138C7}.Debug|Any CPU.Build.0 = Debug|Any CPU
		{A95391AC-836F-416D-91EB-6DC5F97138C7}.Debug|x64.ActiveCfg = Debug|Any CPU
		{A95391AC-836F-416D-91EB-6DC5F97138C7}.Debug|x64.Build.0 = Debug|Any CPU
		{A95391AC-836F-416D-91EB-6DC5F97138C7}.Debug|x86.ActiveCfg = Debug|Any CPU
		{A95391AC-836F-416D-91EB-6DC5F97138C7}.Debug|x86.Build.0 = Debug|Any CPU
		{A95391AC-836F-416D-91EB-6DC5F97138C7}.Release|Any CPU.ActiveCfg = Release|Any CPU
		{A95391AC-836F-416D-91EB-6DC5F97138C7}.Release|Any CPU.Build.0 = Release|Any CPU
		{A95391AC-836F-416D-91EB-6DC5F97138C7}.Release|x64.ActiveCfg = Release|Any CPU
		{A95391AC-836F-416D-91EB-6DC5F97138C7}.Release|x64.Build.0 = Release|Any CPU
		{A95391AC-836F-416D-91EB-6DC5F97138C7}.Release|x86.ActiveCfg = Release|Any CPU
		{A95391AC-836F-416D-91EB-6DC5F97138C7}.Release|x86.Build.0 = Release|Any CPU
		{C8D9E4E5-141D-4D71-8756-1A2354DEC77A}.Debug|Any CPU.ActiveCfg = Debug|Any CPU
		{C8D9E4E5-141D-4D71-8756-1A2354DEC77A}.Debug|Any CPU.Build.0 = Debug|Any CPU
		{C8D9E4E5-141D-4D71-8756-1A2354DEC77A}.Debug|x64.ActiveCfg = Debug|Any CPU
		{C8D9E4E5-141D-4D71-8756-1A2354DEC77A}.Debug|x64.Build.0 = Debug|Any CPU
		{C8D9E4E5-141D-4D71-8756-1A2354DEC77A}.Debug|x86.ActiveCfg = Debug|Any CPU
		{C8D9E4E5-141D-4D71-8756-1A2354DEC77A}.Debug|x86.Build.0 = Debug|Any CPU
		{C8D9E4E5-141D-4D71-8756-1A2354DEC77A}.Release|Any CPU.ActiveCfg = Release|Any CPU
		{C8D9E4E5-141D-4D71-8756-1A2354DEC77A}.Release|Any CPU.Build.0 = Release|Any CPU
		{C8D9E4E5-141D-4D71-8756-1A2354DEC77A}.Release|x64.ActiveCfg = Release|Any CPU
		{C8D9E4E5-141D-4D71-8756-1A2354DEC77A}.Release|x64.Build.0 = Release|Any CPU
		{C8D9E4E5-141D-4D71-8756-1A2354DEC77A}.Release|x86.ActiveCfg = Release|Any CPU
		{C8D9E4E5-141D-4D71-8756-1A2354DEC77A}.Release|x86.Build.0 = Release|Any CPU
		{4238CB49-5E05-406A-B226-3FF8A7AF40FE}.Debug|Any CPU.ActiveCfg = Debug|Any CPU
		{4238CB49-5E05-406A-B226-3FF8A7AF40FE}.Debug|Any CPU.Build.0 = Debug|Any CPU
		{4238CB49-5E05-406A-B226-3FF8A7AF40FE}.Debug|x64.ActiveCfg = Debug|Any CPU
		{4238CB49-5E05-406A-B226-3FF8A7AF40FE}.Debug|x64.Build.0 = Debug|Any CPU
		{4238CB49-5E05-406A-B226-3FF8A7AF40FE}.Debug|x86.ActiveCfg = Debug|Any CPU
		{4238CB49-5E05-406A-B226-3FF8A7AF40FE}.Debug|x86.Build.0 = Debug|Any CPU
		{4238CB49-5E05-406A-B226-3FF8A7AF40FE}.Release|Any CPU.ActiveCfg = Release|Any CPU
		{4238CB49-5E05-406A-B226-3FF8A7AF40FE}.Release|Any CPU.Build.0 = Release|Any CPU
		{4238CB49-5E05-406A-B226-3FF8A7AF40FE}.Release|x64.ActiveCfg = Release|Any CPU
		{4238CB49-5E05-406A-B226-3FF8A7AF40FE}.Release|x64.Build.0 = Release|Any CPU
		{4238CB49-5E05-406A-B226-3FF8A7AF40FE}.Release|x86.ActiveCfg = Release|Any CPU
		{4238CB49-5E05-406A-B226-3FF8A7AF40FE}.Release|x86.Build.0 = Release|Any CPU
		{2E4CA692-773A-4867-A17F-763E806C9223}.Debug|Any CPU.ActiveCfg = Debug|Any CPU
		{2E4CA692-773A-4867-A17F-763E806C9223}.Debug|Any CPU.Build.0 = Debug|Any CPU
		{2E4CA692-773A-4867-A17F-763E806C9223}.Debug|x64.ActiveCfg = Debug|Any CPU
		{2E4CA692-773A-4867-A17F-763E806C9223}.Debug|x64.Build.0 = Debug|Any CPU
		{2E4CA692-773A-4867-A17F-763E806C9223}.Debug|x86.ActiveCfg = Debug|Any CPU
		{2E4CA692-773A-4867-A17F-763E806C9223}.Debug|x86.Build.0 = Debug|Any CPU
		{2E4CA692-773A-4867-A17F-763E806C9223}.Release|Any CPU.ActiveCfg = Release|Any CPU
		{2E4CA692-773A-4867-A17F-763E806C9223}.Release|Any CPU.Build.0 = Release|Any CPU
		{2E4CA692-773A-4867-A17F-763E806C9223}.Release|x64.ActiveCfg = Release|Any CPU
		{2E4CA692-773A-4867-A17F-763E806C9223}.Release|x64.Build.0 = Release|Any CPU
		{2E4CA692-773A-4867-A17F-763E806C9223}.Release|x86.ActiveCfg = Release|Any CPU
		{2E4CA692-773A-4867-A17F-763E806C9223}.Release|x86.Build.0 = Release|Any CPU
		{C7DE09E5-344A-4CA7-9399-6883FF2DD594}.Debug|Any CPU.ActiveCfg = Debug|Any CPU
		{C7DE09E5-344A-4CA7-9399-6883FF2DD594}.Debug|Any CPU.Build.0 = Debug|Any CPU
		{C7DE09E5-344A-4CA7-9399-6883FF2DD594}.Debug|x64.ActiveCfg = Debug|Any CPU
		{C7DE09E5-344A-4CA7-9399-6883FF2DD594}.Debug|x64.Build.0 = Debug|Any CPU
		{C7DE09E5-344A-4CA7-9399-6883FF2DD594}.Debug|x86.ActiveCfg = Debug|Any CPU
		{C7DE09E5-344A-4CA7-9399-6883FF2DD594}.Debug|x86.Build.0 = Debug|Any CPU
		{C7DE09E5-344A-4CA7-9399-6883FF2DD594}.Release|Any CPU.ActiveCfg = Release|Any CPU
		{C7DE09E5-344A-4CA7-9399-6883FF2DD594}.Release|Any CPU.Build.0 = Release|Any CPU
		{C7DE09E5-344A-4CA7-9399-6883FF2DD594}.Release|x64.ActiveCfg = Release|Any CPU
		{C7DE09E5-344A-4CA7-9399-6883FF2DD594}.Release|x64.Build.0 = Release|Any CPU
		{C7DE09E5-344A-4CA7-9399-6883FF2DD594}.Release|x86.ActiveCfg = Release|Any CPU
		{C7DE09E5-344A-4CA7-9399-6883FF2DD594}.Release|x86.Build.0 = Release|Any CPU
		{9B98DA99-DA7F-4944-9F96-AE46F3E87D8B}.Debug|Any CPU.ActiveCfg = Debug|Any CPU
		{9B98DA99-DA7F-4944-9F96-AE46F3E87D8B}.Debug|Any CPU.Build.0 = Debug|Any CPU
		{9B98DA99-DA7F-4944-9F96-AE46F3E87D8B}.Debug|x64.ActiveCfg = Debug|Any CPU
		{9B98DA99-DA7F-4944-9F96-AE46F3E87D8B}.Debug|x64.Build.0 = Debug|Any CPU
		{9B98DA99-DA7F-4944-9F96-AE46F3E87D8B}.Debug|x86.ActiveCfg = Debug|Any CPU
		{9B98DA99-DA7F-4944-9F96-AE46F3E87D8B}.Debug|x86.Build.0 = Debug|Any CPU
		{9B98DA99-DA7F-4944-9F96-AE46F3E87D8B}.Release|Any CPU.ActiveCfg = Release|Any CPU
		{9B98DA99-DA7F-4944-9F96-AE46F3E87D8B}.Release|Any CPU.Build.0 = Release|Any CPU
		{9B98DA99-DA7F-4944-9F96-AE46F3E87D8B}.Release|x64.ActiveCfg = Release|Any CPU
		{9B98DA99-DA7F-4944-9F96-AE46F3E87D8B}.Release|x64.Build.0 = Release|Any CPU
		{9B98DA99-DA7F-4944-9F96-AE46F3E87D8B}.Release|x86.ActiveCfg = Release|Any CPU
		{9B98DA99-DA7F-4944-9F96-AE46F3E87D8B}.Release|x86.Build.0 = Release|Any CPU
		{37A4EB27-9268-42A7-AC33-307E411020A1}.Debug|Any CPU.ActiveCfg = Debug|Any CPU
		{37A4EB27-9268-42A7-AC33-307E411020A1}.Debug|Any CPU.Build.0 = Debug|Any CPU
		{37A4EB27-9268-42A7-AC33-307E411020A1}.Debug|x64.ActiveCfg = Debug|Any CPU
		{37A4EB27-9268-42A7-AC33-307E411020A1}.Debug|x64.Build.0 = Debug|Any CPU
		{37A4EB27-9268-42A7-AC33-307E411020A1}.Debug|x86.ActiveCfg = Debug|Any CPU
		{37A4EB27-9268-42A7-AC33-307E411020A1}.Debug|x86.Build.0 = Debug|Any CPU
		{37A4EB27-9268-42A7-AC33-307E411020A1}.Release|Any CPU.ActiveCfg = Release|Any CPU
		{37A4EB27-9268-42A7-AC33-307E411020A1}.Release|Any CPU.Build.0 = Release|Any CPU
		{37A4EB27-9268-42A7-AC33-307E411020A1}.Release|x64.ActiveCfg = Release|Any CPU
		{37A4EB27-9268-42A7-AC33-307E411020A1}.Release|x64.Build.0 = Release|Any CPU
		{37A4EB27-9268-42A7-AC33-307E411020A1}.Release|x86.ActiveCfg = Release|Any CPU
		{37A4EB27-9268-42A7-AC33-307E411020A1}.Release|x86.Build.0 = Release|Any CPU
		{49A5C47A-6229-4479-A793-C0D6297D9872}.Debug|Any CPU.ActiveCfg = Debug|Any CPU
		{49A5C47A-6229-4479-A793-C0D6297D9872}.Debug|Any CPU.Build.0 = Debug|Any CPU
		{49A5C47A-6229-4479-A793-C0D6297D9872}.Debug|x64.ActiveCfg = Debug|Any CPU
		{49A5C47A-6229-4479-A793-C0D6297D9872}.Debug|x64.Build.0 = Debug|Any CPU
		{49A5C47A-6229-4479-A793-C0D6297D9872}.Debug|x86.ActiveCfg = Debug|Any CPU
		{49A5C47A-6229-4479-A793-C0D6297D9872}.Debug|x86.Build.0 = Debug|Any CPU
		{49A5C47A-6229-4479-A793-C0D6297D9872}.Release|Any CPU.ActiveCfg = Release|Any CPU
		{49A5C47A-6229-4479-A793-C0D6297D9872}.Release|Any CPU.Build.0 = Release|Any CPU
		{49A5C47A-6229-4479-A793-C0D6297D9872}.Release|x64.ActiveCfg = Release|Any CPU
		{49A5C47A-6229-4479-A793-C0D6297D9872}.Release|x64.Build.0 = Release|Any CPU
		{49A5C47A-6229-4479-A793-C0D6297D9872}.Release|x86.ActiveCfg = Release|Any CPU
		{49A5C47A-6229-4479-A793-C0D6297D9872}.Release|x86.Build.0 = Release|Any CPU
		{038096CD-E001-4423-95B2-7BB09CA214D3}.Debug|Any CPU.ActiveCfg = Debug|Any CPU
		{038096CD-E001-4423-95B2-7BB09CA214D3}.Debug|Any CPU.Build.0 = Debug|Any CPU
		{038096CD-E001-4423-95B2-7BB09CA214D3}.Debug|x64.ActiveCfg = Debug|Any CPU
		{038096CD-E001-4423-95B2-7BB09CA214D3}.Debug|x64.Build.0 = Debug|Any CPU
		{038096CD-E001-4423-95B2-7BB09CA214D3}.Debug|x86.ActiveCfg = Debug|Any CPU
		{038096CD-E001-4423-95B2-7BB09CA214D3}.Debug|x86.Build.0 = Debug|Any CPU
		{038096CD-E001-4423-95B2-7BB09CA214D3}.Release|Any CPU.ActiveCfg = Release|Any CPU
		{038096CD-E001-4423-95B2-7BB09CA214D3}.Release|Any CPU.Build.0 = Release|Any CPU
		{038096CD-E001-4423-95B2-7BB09CA214D3}.Release|x64.ActiveCfg = Release|Any CPU
		{038096CD-E001-4423-95B2-7BB09CA214D3}.Release|x64.Build.0 = Release|Any CPU
		{038096CD-E001-4423-95B2-7BB09CA214D3}.Release|x86.ActiveCfg = Release|Any CPU
		{038096CD-E001-4423-95B2-7BB09CA214D3}.Release|x86.Build.0 = Release|Any CPU
		{BA9E1F7E-0DAF-476E-BA6D-2D0A16FA77C1}.Debug|Any CPU.ActiveCfg = Debug|Any CPU
		{BA9E1F7E-0DAF-476E-BA6D-2D0A16FA77C1}.Debug|Any CPU.Build.0 = Debug|Any CPU
		{BA9E1F7E-0DAF-476E-BA6D-2D0A16FA77C1}.Debug|x64.ActiveCfg = Debug|Any CPU
		{BA9E1F7E-0DAF-476E-BA6D-2D0A16FA77C1}.Debug|x64.Build.0 = Debug|Any CPU
		{BA9E1F7E-0DAF-476E-BA6D-2D0A16FA77C1}.Debug|x86.ActiveCfg = Debug|Any CPU
		{BA9E1F7E-0DAF-476E-BA6D-2D0A16FA77C1}.Debug|x86.Build.0 = Debug|Any CPU
		{BA9E1F7E-0DAF-476E-BA6D-2D0A16FA77C1}.Release|Any CPU.ActiveCfg = Release|Any CPU
		{BA9E1F7E-0DAF-476E-BA6D-2D0A16FA77C1}.Release|Any CPU.Build.0 = Release|Any CPU
		{BA9E1F7E-0DAF-476E-BA6D-2D0A16FA77C1}.Release|x64.ActiveCfg = Release|Any CPU
		{BA9E1F7E-0DAF-476E-BA6D-2D0A16FA77C1}.Release|x64.Build.0 = Release|Any CPU
		{BA9E1F7E-0DAF-476E-BA6D-2D0A16FA77C1}.Release|x86.ActiveCfg = Release|Any CPU
		{BA9E1F7E-0DAF-476E-BA6D-2D0A16FA77C1}.Release|x86.Build.0 = Release|Any CPU
		{8D7E101E-931E-436E-B1A4-DF0D6C27654C}.Debug|Any CPU.ActiveCfg = Debug|Any CPU
		{8D7E101E-931E-436E-B1A4-DF0D6C27654C}.Debug|Any CPU.Build.0 = Debug|Any CPU
		{8D7E101E-931E-436E-B1A4-DF0D6C27654C}.Debug|x64.ActiveCfg = Debug|Any CPU
		{8D7E101E-931E-436E-B1A4-DF0D6C27654C}.Debug|x64.Build.0 = Debug|Any CPU
		{8D7E101E-931E-436E-B1A4-DF0D6C27654C}.Debug|x86.ActiveCfg = Debug|Any CPU
		{8D7E101E-931E-436E-B1A4-DF0D6C27654C}.Debug|x86.Build.0 = Debug|Any CPU
		{8D7E101E-931E-436E-B1A4-DF0D6C27654C}.Release|Any CPU.ActiveCfg = Release|Any CPU
		{8D7E101E-931E-436E-B1A4-DF0D6C27654C}.Release|Any CPU.Build.0 = Release|Any CPU
		{8D7E101E-931E-436E-B1A4-DF0D6C27654C}.Release|x64.ActiveCfg = Release|Any CPU
		{8D7E101E-931E-436E-B1A4-DF0D6C27654C}.Release|x64.Build.0 = Release|Any CPU
		{8D7E101E-931E-436E-B1A4-DF0D6C27654C}.Release|x86.ActiveCfg = Release|Any CPU
		{8D7E101E-931E-436E-B1A4-DF0D6C27654C}.Release|x86.Build.0 = Release|Any CPU
		{93BF6BA8-26DA-44E9-B01A-339801EA6EEF}.Debug|Any CPU.ActiveCfg = Debug|Any CPU
		{93BF6BA8-26DA-44E9-B01A-339801EA6EEF}.Debug|Any CPU.Build.0 = Debug|Any CPU
		{93BF6BA8-26DA-44E9-B01A-339801EA6EEF}.Debug|x64.ActiveCfg = Debug|Any CPU
		{93BF6BA8-26DA-44E9-B01A-339801EA6EEF}.Debug|x64.Build.0 = Debug|Any CPU
		{93BF6BA8-26DA-44E9-B01A-339801EA6EEF}.Debug|x86.ActiveCfg = Debug|Any CPU
		{93BF6BA8-26DA-44E9-B01A-339801EA6EEF}.Debug|x86.Build.0 = Debug|Any CPU
		{93BF6BA8-26DA-44E9-B01A-339801EA6EEF}.Release|Any CPU.ActiveCfg = Release|Any CPU
		{93BF6BA8-26DA-44E9-B01A-339801EA6EEF}.Release|Any CPU.Build.0 = Release|Any CPU
		{93BF6BA8-26DA-44E9-B01A-339801EA6EEF}.Release|x64.ActiveCfg = Release|Any CPU
		{93BF6BA8-26DA-44E9-B01A-339801EA6EEF}.Release|x64.Build.0 = Release|Any CPU
		{93BF6BA8-26DA-44E9-B01A-339801EA6EEF}.Release|x86.ActiveCfg = Release|Any CPU
		{93BF6BA8-26DA-44E9-B01A-339801EA6EEF}.Release|x86.Build.0 = Release|Any CPU
		{6DBB5B89-1AFC-404A-A24B-D7DFECE8DBBE}.Debug|Any CPU.ActiveCfg = Debug|Any CPU
		{6DBB5B89-1AFC-404A-A24B-D7DFECE8DBBE}.Debug|Any CPU.Build.0 = Debug|Any CPU
		{6DBB5B89-1AFC-404A-A24B-D7DFECE8DBBE}.Debug|x64.ActiveCfg = Debug|Any CPU
		{6DBB5B89-1AFC-404A-A24B-D7DFECE8DBBE}.Debug|x64.Build.0 = Debug|Any CPU
		{6DBB5B89-1AFC-404A-A24B-D7DFECE8DBBE}.Debug|x86.ActiveCfg = Debug|Any CPU
		{6DBB5B89-1AFC-404A-A24B-D7DFECE8DBBE}.Debug|x86.Build.0 = Debug|Any CPU
		{6DBB5B89-1AFC-404A-A24B-D7DFECE8DBBE}.Release|Any CPU.ActiveCfg = Release|Any CPU
		{6DBB5B89-1AFC-404A-A24B-D7DFECE8DBBE}.Release|Any CPU.Build.0 = Release|Any CPU
		{6DBB5B89-1AFC-404A-A24B-D7DFECE8DBBE}.Release|x64.ActiveCfg = Release|Any CPU
		{6DBB5B89-1AFC-404A-A24B-D7DFECE8DBBE}.Release|x64.Build.0 = Release|Any CPU
		{6DBB5B89-1AFC-404A-A24B-D7DFECE8DBBE}.Release|x86.ActiveCfg = Release|Any CPU
		{6DBB5B89-1AFC-404A-A24B-D7DFECE8DBBE}.Release|x86.Build.0 = Release|Any CPU
		{6E3B82C5-BA07-498C-833D-526D9747D3C8}.Debug|Any CPU.ActiveCfg = Debug|Any CPU
		{6E3B82C5-BA07-498C-833D-526D9747D3C8}.Debug|Any CPU.Build.0 = Debug|Any CPU
		{6E3B82C5-BA07-498C-833D-526D9747D3C8}.Debug|x64.ActiveCfg = Debug|Any CPU
		{6E3B82C5-BA07-498C-833D-526D9747D3C8}.Debug|x64.Build.0 = Debug|Any CPU
		{6E3B82C5-BA07-498C-833D-526D9747D3C8}.Debug|x86.ActiveCfg = Debug|Any CPU
		{6E3B82C5-BA07-498C-833D-526D9747D3C8}.Debug|x86.Build.0 = Debug|Any CPU
		{6E3B82C5-BA07-498C-833D-526D9747D3C8}.Release|Any CPU.ActiveCfg = Release|Any CPU
		{6E3B82C5-BA07-498C-833D-526D9747D3C8}.Release|Any CPU.Build.0 = Release|Any CPU
		{6E3B82C5-BA07-498C-833D-526D9747D3C8}.Release|x64.ActiveCfg = Release|Any CPU
		{6E3B82C5-BA07-498C-833D-526D9747D3C8}.Release|x64.Build.0 = Release|Any CPU
		{6E3B82C5-BA07-498C-833D-526D9747D3C8}.Release|x86.ActiveCfg = Release|Any CPU
		{6E3B82C5-BA07-498C-833D-526D9747D3C8}.Release|x86.Build.0 = Release|Any CPU
		{6AD62FB8-CCB4-4D90-B336-EAAB4D32137D}.Debug|Any CPU.ActiveCfg = Debug|Any CPU
		{6AD62FB8-CCB4-4D90-B336-EAAB4D32137D}.Debug|Any CPU.Build.0 = Debug|Any CPU
		{6AD62FB8-CCB4-4D90-B336-EAAB4D32137D}.Debug|x64.ActiveCfg = Debug|Any CPU
		{6AD62FB8-CCB4-4D90-B336-EAAB4D32137D}.Debug|x64.Build.0 = Debug|Any CPU
		{6AD62FB8-CCB4-4D90-B336-EAAB4D32137D}.Debug|x86.ActiveCfg = Debug|Any CPU
		{6AD62FB8-CCB4-4D90-B336-EAAB4D32137D}.Debug|x86.Build.0 = Debug|Any CPU
		{6AD62FB8-CCB4-4D90-B336-EAAB4D32137D}.Release|Any CPU.ActiveCfg = Release|Any CPU
		{6AD62FB8-CCB4-4D90-B336-EAAB4D32137D}.Release|Any CPU.Build.0 = Release|Any CPU
		{6AD62FB8-CCB4-4D90-B336-EAAB4D32137D}.Release|x64.ActiveCfg = Release|Any CPU
		{6AD62FB8-CCB4-4D90-B336-EAAB4D32137D}.Release|x64.Build.0 = Release|Any CPU
		{6AD62FB8-CCB4-4D90-B336-EAAB4D32137D}.Release|x86.ActiveCfg = Release|Any CPU
		{6AD62FB8-CCB4-4D90-B336-EAAB4D32137D}.Release|x86.Build.0 = Release|Any CPU
		{A706306E-68C6-4097-AF3B-688E2C5907C2}.Debug|Any CPU.ActiveCfg = Debug|Any CPU
		{A706306E-68C6-4097-AF3B-688E2C5907C2}.Debug|Any CPU.Build.0 = Debug|Any CPU
		{A706306E-68C6-4097-AF3B-688E2C5907C2}.Debug|x64.ActiveCfg = Debug|Any CPU
		{A706306E-68C6-4097-AF3B-688E2C5907C2}.Debug|x64.Build.0 = Debug|Any CPU
		{A706306E-68C6-4097-AF3B-688E2C5907C2}.Debug|x86.ActiveCfg = Debug|Any CPU
		{A706306E-68C6-4097-AF3B-688E2C5907C2}.Debug|x86.Build.0 = Debug|Any CPU
		{A706306E-68C6-4097-AF3B-688E2C5907C2}.Release|Any CPU.ActiveCfg = Release|Any CPU
		{A706306E-68C6-4097-AF3B-688E2C5907C2}.Release|Any CPU.Build.0 = Release|Any CPU
		{A706306E-68C6-4097-AF3B-688E2C5907C2}.Release|x64.ActiveCfg = Release|Any CPU
		{A706306E-68C6-4097-AF3B-688E2C5907C2}.Release|x64.Build.0 = Release|Any CPU
		{A706306E-68C6-4097-AF3B-688E2C5907C2}.Release|x86.ActiveCfg = Release|Any CPU
		{A706306E-68C6-4097-AF3B-688E2C5907C2}.Release|x86.Build.0 = Release|Any CPU
		{7693F6B1-7B7C-4B2F-B997-BEBDCBBD2828}.Debug|Any CPU.ActiveCfg = Debug|Any CPU
		{7693F6B1-7B7C-4B2F-B997-BEBDCBBD2828}.Debug|Any CPU.Build.0 = Debug|Any CPU
		{7693F6B1-7B7C-4B2F-B997-BEBDCBBD2828}.Debug|x64.ActiveCfg = Debug|Any CPU
		{7693F6B1-7B7C-4B2F-B997-BEBDCBBD2828}.Debug|x64.Build.0 = Debug|Any CPU
		{7693F6B1-7B7C-4B2F-B997-BEBDCBBD2828}.Debug|x86.ActiveCfg = Debug|Any CPU
		{7693F6B1-7B7C-4B2F-B997-BEBDCBBD2828}.Debug|x86.Build.0 = Debug|Any CPU
		{7693F6B1-7B7C-4B2F-B997-BEBDCBBD2828}.Release|Any CPU.ActiveCfg = Release|Any CPU
		{7693F6B1-7B7C-4B2F-B997-BEBDCBBD2828}.Release|Any CPU.Build.0 = Release|Any CPU
		{7693F6B1-7B7C-4B2F-B997-BEBDCBBD2828}.Release|x64.ActiveCfg = Release|Any CPU
		{7693F6B1-7B7C-4B2F-B997-BEBDCBBD2828}.Release|x64.Build.0 = Release|Any CPU
		{7693F6B1-7B7C-4B2F-B997-BEBDCBBD2828}.Release|x86.ActiveCfg = Release|Any CPU
		{7693F6B1-7B7C-4B2F-B997-BEBDCBBD2828}.Release|x86.Build.0 = Release|Any CPU
	EndGlobalSection
	GlobalSection(SolutionProperties) = preSolution
		HideSolutionNode = FALSE
	EndGlobalSection
	GlobalSection(NestedProjects) = preSolution
		{A95391AC-836F-416D-91EB-6DC5F97138C7} = {827E0CD3-B72D-47B6-A68D-7590B98EB39B}
		{C8D9E4E5-141D-4D71-8756-1A2354DEC77A} = {827E0CD3-B72D-47B6-A68D-7590B98EB39B}
		{4238CB49-5E05-406A-B226-3FF8A7AF40FE} = {827E0CD3-B72D-47B6-A68D-7590B98EB39B}
		{2E4CA692-773A-4867-A17F-763E806C9223} = {827E0CD3-B72D-47B6-A68D-7590B98EB39B}
		{C7DE09E5-344A-4CA7-9399-6883FF2DD594} = {827E0CD3-B72D-47B6-A68D-7590B98EB39B}
		{9B98DA99-DA7F-4944-9F96-AE46F3E87D8B} = {827E0CD3-B72D-47B6-A68D-7590B98EB39B}
		{37A4EB27-9268-42A7-AC33-307E411020A1} = {827E0CD3-B72D-47B6-A68D-7590B98EB39B}
		{49A5C47A-6229-4479-A793-C0D6297D9872} = {827E0CD3-B72D-47B6-A68D-7590B98EB39B}
		{038096CD-E001-4423-95B2-7BB09CA214D3} = {827E0CD3-B72D-47B6-A68D-7590B98EB39B}
		{EC447DCF-ABFA-6E24-52A5-D7FD48A5C558} = {827E0CD3-B72D-47B6-A68D-7590B98EB39B}
		{BA9E1F7E-0DAF-476E-BA6D-2D0A16FA77C1} = {0AB3BF05-4346-4AA6-1389-037BE0695223}
		{8D7E101E-931E-436E-B1A4-DF0D6C27654C} = {0AB3BF05-4346-4AA6-1389-037BE0695223}
		{93BF6BA8-26DA-44E9-B01A-339801EA6EEF} = {0AB3BF05-4346-4AA6-1389-037BE0695223}
		{6DBB5B89-1AFC-404A-A24B-D7DFECE8DBBE} = {0AB3BF05-4346-4AA6-1389-037BE0695223}
		{6E3B82C5-BA07-498C-833D-526D9747D3C8} = {0AB3BF05-4346-4AA6-1389-037BE0695223}
		{6AD62FB8-CCB4-4D90-B336-EAAB4D32137D} = {0AB3BF05-4346-4AA6-1389-037BE0695223}
		{A706306E-68C6-4097-AF3B-688E2C5907C2} = {0AB3BF05-4346-4AA6-1389-037BE0695223}
		{7693F6B1-7B7C-4B2F-B997-BEBDCBBD2828} = {0AB3BF05-4346-4AA6-1389-037BE0695223}
	EndGlobalSection
EndGlobal
